
Microsoft Visual Studio Solution File, Format Version 12.00
# Visual Studio Version 17
VisualStudioVersion = 17.11.35312.102
MinimumVisualStudioVersion = 10.0.40219.1
Project("{FAE04EC0-301F-11D3-BF4B-00C04F79EFBC}") = "Project3", "Project3\Project3.csproj", "{6753E0D9-F116-44A6-8166-171801A2DA77}"
EndProject
Project("{FAE04EC0-301F-11D3-BF4B-00C04F79EFBC}") = "Project4", "Project4\Project4.csproj", "{63D6A720-09FE-4C5C-8F5B-C97AB78348B3}"
EndProject
Global
	GlobalSection(SolutionConfigurationPlatforms) = preSolution
		Debug|Any CPU = Debug|Any CPU
		Release|Any CPU = Release|Any CPU
	EndGlobalSection
	GlobalSection(ProjectConfigurationPlatforms) = postSolution
		{6753E0D9-F116-44A6-8166-171801A2DA77}.Debug|Any CPU.ActiveCfg = Debug|Any CPU
		{6753E0D9-F116-44A6-8166-171801A2DA77}.Debug|Any CPU.Build.0 = Debug|Any CPU
		{6753E0D9-F116-44A6-8166-171801A2DA77}.Release|Any CPU.ActiveCfg = Release|Any CPU
		{6753E0D9-F116-44A6-8166-171801A2DA77}.Release|Any CPU.Build.0 = Release|Any CPU
		{63D6A720-09FE-4C5C-8F5B-C97AB78348B3}.Debug|Any CPU.ActiveCfg = Debug|Any CPU
		{63D6A720-09FE-4C5C-8F5B-C97AB78348B3}.Debug|Any CPU.Build.0 = Debug|Any CPU
		{63D6A720-09FE-4C5C-8F5B-C97AB78348B3}.Release|Any CPU.ActiveCfg = Release|Any CPU
		{63D6A720-09FE-4C5C-8F5B-C97AB78348B3}.Release|Any CPU.Build.0 = Release|Any CPU
	EndGlobalSection
	GlobalSection(SolutionProperties) = preSolution
		HideSolutionNode = FALSE
	EndGlobalSection
	GlobalSection(ExtensibilityGlobals) = postSolution
		SolutionGuid = {1D9A3322-C674-456C-9DA3-EEC277ED13AE}
	EndGlobalSection
EndGlobal
